
Microsoft Visual Studio Solution File, Format Version 12.00
# Visual Studio Version 17
VisualStudioVersion = 17.0.31912.275
MinimumVisualStudioVersion = 10.0.40219.1
Project("{9A19103F-16F7-4668-BE54-9A1E7A4F7556}") = "QRCodeScanner", "QRCodeScanner\QRCodeScanner.csproj", "{D7834059-EFBB-4164-8581-04C2BE0CA310}"
EndProject
Project("{8BC9CEB8-8B4A-11D0-8D11-00A0C91BC942}") = "WechatQRCodeLib", "..\WechatQRCodeLib\WechatQRCodeLib\WechatQRCodeLib.vcxproj", "{79E996E1-B1F5-4BF7-9D68-03600A68F4B5}"
EndProject
Project("{FAE04EC0-301F-11D3-BF4B-00C04F79EFBC}") = "QRCodeScanner.UWP", "QRCodeScanner.UWP\QRCodeScanner.UWP.csproj", "{EF416515-5824-4769-A78E-9ADAAA160119}"
EndProject
Project("{8BC9CEB8-8B4A-11D0-8D11-00A0C91BC942}") = "WechatQRCodeLib.WRC", "WechatQRCodeLib.WRC\WechatQRCodeLib.WRC.vcxproj", "{F997986C-3E85-4865-B94B-29649F938635}"
EndProject
Global
	GlobalSection(SolutionConfigurationPlatforms) = preSolution
		Debug|ARM = Debug|ARM
		Debug|ARM64 = Debug|ARM64
		Debug|x64 = Debug|x64
		Debug|x86 = Debug|x86
		Release|ARM = Release|ARM
		Release|ARM64 = Release|ARM64
		Release|x64 = Release|x64
		Release|x86 = Release|x86
	EndGlobalSection
	GlobalSection(ProjectConfigurationPlatforms) = postSolution
		{D7834059-EFBB-4164-8581-04C2BE0CA310}.Debug|ARM.ActiveCfg = Debug|x64
		{D7834059-EFBB-4164-8581-04C2BE0CA310}.Debug|ARM.Build.0 = Debug|x64
		{D7834059-EFBB-4164-8581-04C2BE0CA310}.Debug|ARM.Deploy.0 = Debug|x64
		{D7834059-EFBB-4164-8581-04C2BE0CA310}.Debug|ARM64.ActiveCfg = Debug|ARM64
		{D7834059-EFBB-4164-8581-04C2BE0CA310}.Debug|ARM64.Build.0 = Debug|ARM64
		{D7834059-EFBB-4164-8581-04C2BE0CA310}.Debug|ARM64.Deploy.0 = Debug|ARM64
		{D7834059-EFBB-4164-8581-04C2BE0CA310}.Debug|x64.ActiveCfg = Debug|x64
		{D7834059-EFBB-4164-8581-04C2BE0CA310}.Debug|x86.ActiveCfg = Debug|x86
		{D7834059-EFBB-4164-8581-04C2BE0CA310}.Debug|x86.Build.0 = Debug|x86
		{D7834059-EFBB-4164-8581-04C2BE0CA310}.Debug|x86.Deploy.0 = Debug|x86
		{D7834059-EFBB-4164-8581-04C2BE0CA310}.Release|ARM.ActiveCfg = Release|x64
		{D7834059-EFBB-4164-8581-04C2BE0CA310}.Release|ARM.Build.0 = Release|x64
		{D7834059-EFBB-4164-8581-04C2BE0CA310}.Release|ARM.Deploy.0 = Release|x64
		{D7834059-EFBB-4164-8581-04C2BE0CA310}.Release|ARM64.ActiveCfg = Release|ARM64
		{D7834059-EFBB-4164-8581-04C2BE0CA310}.Release|ARM64.Build.0 = Release|ARM64
		{D7834059-EFBB-4164-8581-04C2BE0CA310}.Release|ARM64.Deploy.0 = Release|ARM64
		{D7834059-EFBB-4164-8581-04C2BE0CA310}.Release|x64.ActiveCfg = Release|x64
		{D7834059-EFBB-4164-8581-04C2BE0CA310}.Release|x64.Build.0 = Release|x64
		{D7834059-EFBB-4164-8581-04C2BE0CA310}.Release|x64.Deploy.0 = Release|x64
		{D7834059-EFBB-4164-8581-04C2BE0CA310}.Release|x86.ActiveCfg = Release|x86
		{D7834059-EFBB-4164-8581-04C2BE0CA310}.Release|x86.Build.0 = Release|x86
		{D7834059-EFBB-4164-8581-04C2BE0CA310}.Release|x86.Deploy.0 = Release|x86
		{79E996E1-B1F5-4BF7-9D68-03600A68F4B5}.Debug|ARM.ActiveCfg = Debug|x64
		{79E996E1-B1F5-4BF7-9D68-03600A68F4B5}.Debug|ARM.Build.0 = Debug|x64
		{79E996E1-B1F5-4BF7-9D68-03600A68F4B5}.Debug|ARM64.ActiveCfg = Debug|ARM64
		{79E996E1-B1F5-4BF7-9D68-03600A68F4B5}.Debug|ARM64.Build.0 = Debug|ARM64
		{79E996E1-B1F5-4BF7-9D68-03600A68F4B5}.Debug|x64.ActiveCfg = Debug|x64
		{79E996E1-B1F5-4BF7-9D68-03600A68F4B5}.Debug|x86.ActiveCfg = Debug|Win32
		{79E996E1-B1F5-4BF7-9D68-03600A68F4B5}.Debug|x86.Build.0 = Debug|Win32
		{79E996E1-B1F5-4BF7-9D68-03600A68F4B5}.Release|ARM.ActiveCfg = Release|x64
		{79E996E1-B1F5-4BF7-9D68-03600A68F4B5}.Release|ARM.Build.0 = Release|x64
		{79E996E1-B1F5-4BF7-9D68-03600A68F4B5}.Release|ARM64.ActiveCfg = Release|ARM64
		{79E996E1-B1F5-4BF7-9D68-03600A68F4B5}.Release|ARM64.Build.0 = Release|ARM64
		{79E996E1-B1F5-4BF7-9D68-03600A68F4B5}.Release|x64.ActiveCfg = Release|x64
		{79E996E1-B1F5-4BF7-9D68-03600A68F4B5}.Release|x64.Build.0 = Release|x64
		{79E996E1-B1F5-4BF7-9D68-03600A68F4B5}.Release|x86.ActiveCfg = Release|Win32
		{79E996E1-B1F5-4BF7-9D68-03600A68F4B5}.Release|x86.Build.0 = Release|Win32
		{EF416515-5824-4769-A78E-9ADAAA160119}.Debug|ARM.ActiveCfg = Debug|ARM
		{EF416515-5824-4769-A78E-9ADAAA160119}.Debug|ARM.Build.0 = Debug|ARM
		{EF416515-5824-4769-A78E-9ADAAA160119}.Debug|ARM.Deploy.0 = Debug|ARM
		{EF416515-5824-4769-A78E-9ADAAA160119}.Debug|ARM64.ActiveCfg = Debug|ARM64
		{EF416515-5824-4769-A78E-9ADAAA160119}.Debug|ARM64.Build.0 = Debug|ARM64
		{EF416515-5824-4769-A78E-9ADAAA160119}.Debug|ARM64.Deploy.0 = Debug|ARM64
		{EF416515-5824-4769-A78E-9ADAAA160119}.Debug|x64.ActiveCfg = Debug|x64
		{EF416515-5824-4769-A78E-9ADAAA160119}.Debug|x64.Build.0 = Debug|x64
		{EF416515-5824-4769-A78E-9ADAAA160119}.Debug|x64.Deploy.0 = Debug|x64
		{EF416515-5824-4769-A78E-9ADAAA160119}.Debug|x86.ActiveCfg = Debug|x86
		{EF416515-5824-4769-A78E-9ADAAA160119}.Debug|x86.Build.0 = Debug|x86
		{EF416515-5824-4769-A78E-9ADAAA160119}.Debug|x86.Deploy.0 = Debug|x86
		{EF416515-5824-4769-A78E-9ADAAA160119}.Release|ARM.ActiveCfg = Release|ARM
		{EF416515-5824-4769-A78E-9ADAAA160119}.Release|ARM.Build.0 = Release|ARM
		{EF416515-5824-4769-A78E-9ADAAA160119}.Release|ARM.Deploy.0 = Release|ARM
		{EF416515-5824-4769-A78E-9ADAAA160119}.Release|ARM64.ActiveCfg = Release|ARM64
		{EF416515-5824-4769-A78E-9ADAAA160119}.Release|ARM64.Build.0 = Release|ARM64
		{EF416515-5824-4769-A78E-9ADAAA160119}.Release|ARM64.Deploy.0 = Release|ARM64
		{EF416515-5824-4769-A78E-9ADAAA160119}.Release|x64.ActiveCfg = Release|x64
		{EF416515-5824-4769-A78E-9ADAAA160119}.Release|x64.Build.0 = Release|x64
		{EF416515-5824-4769-A78E-9ADAAA160119}.Release|x64.Deploy.0 = Release|x64
		{EF416515-5824-4769-A78E-9ADAAA160119}.Release|x86.ActiveCfg = Release|x86
		{EF416515-5824-4769-A78E-9ADAAA160119}.Release|x86.Build.0 = Release|x86
		{EF416515-5824-4769-A78E-9ADAAA160119}.Release|x86.Deploy.0 = Release|x86
		{F997986C-3E85-4865-B94B-29649F938635}.Debug|ARM.ActiveCfg = Debug|ARM
		{F997986C-3E85-4865-B94B-29649F938635}.Debug|ARM.Build.0 = Debug|ARM
		{F997986C-3E85-4865-B94B-29649F938635}.Debug|ARM64.ActiveCfg = Debug|ARM64
		{F997986C-3E85-4865-B94B-29649F938635}.Debug|ARM64.Build.0 = Debug|ARM64
		{F997986C-3E85-4865-B94B-29649F938635}.Debug|x64.ActiveCfg = Debug|x64
		{F997986C-3E85-4865-B94B-29649F938635}.Debug|x64.Build.0 = Debug|x64
		{F997986C-3E85-4865-B94B-29649F938635}.Debug|x86.ActiveCfg = Debug|Win32
		{F997986C-3E85-4865-B94B-29649F938635}.Debug|x86.Build.0 = Debug|Win32
		{F997986C-3E85-4865-B94B-29649F938635}.Release|ARM.ActiveCfg = Release|ARM
		{F997986C-3E85-4865-B94B-29649F938635}.Release|ARM.Build.0 = Release|ARM
		{F997986C-3E85-4865-B94B-29649F938635}.Release|ARM64.ActiveCfg = Release|ARM64
		{F997986C-3E85-4865-B94B-29649F938635}.Release|ARM64.Build.0 = Release|ARM64
		{F997986C-3E85-4865-B94B-29649F938635}.Release|x64.ActiveCfg = Release|x64
		{F997986C-3E85-4865-B94B-29649F938635}.Release|x64.Build.0 = Release|x64
		{F997986C-3E85-4865-B94B-29649F938635}.Release|x86.ActiveCfg = Release|Win32
		{F997986C-3E85-4865-B94B-29649F938635}.Release|x86.Build.0 = Release|Win32
	EndGlobalSection
	GlobalSection(SolutionProperties) = preSolution
		HideSolutionNode = FALSE
	EndGlobalSection
	GlobalSection(ExtensibilityGlobals) = postSolution
		SolutionGuid = {0F837F43-7F41-4CCE-983A-9A39EB84CBB5}
	EndGlobalSection
EndGlobal
