
Microsoft Visual Studio Solution File, Format Version 12.00
# Visual Studio Version 17
VisualStudioVersion = 17.0.31912.275
MinimumVisualStudioVersion = 10.0.40219.1
Project("{9A19103F-16F7-4668-BE54-9A1E7A4F7556}") = "QRCodeScanner", "QRCodeScanner\QRCodeScanner.csproj", "{D7834059-EFBB-4164-8581-04C2BE0CA310}"
EndProject
Project("{FAE04EC0-301F-11D3-BF4B-00C04F79EFBC}") = "QRCodeScanner.UWP", "QRCodeScanner.UWP\QRCodeScanner.UWP.csproj", "{EF416515-5824-4769-A78E-9ADAAA160119}"
EndProject
Project("{9A19103F-16F7-4668-BE54-9A1E7A4F7556}") = "WechatQRCodeLib.WRC.Projection", "WechatQRCodeLib.WRC.Projection\WechatQRCodeLib.WRC.Projection.csproj", "{AF34D306-8705-469E-9461-AA2562417E4A}"
EndProject
Project("{2150E333-8FDC-42A3-9474-1A3956D46DE8}") = "Solution Items", "Solution Items", "{62330EC1-FF2E-4EA0-B90D-4C777B578E86}"
	ProjectSection(SolutionItems) = preProject
		Directory.Build.props = Directory.Build.props
	EndProjectSection
EndProject
Project("{8BC9CEB8-8B4A-11D0-8D11-00A0C91BC942}") = "WechatQRCodeWRC", "WechatQRCodeWRC\WechatQRCodeWRC.vcxproj", "{7ECFD05B-FB86-4AD4-99A2-AC1FFA6C0F4F}"
EndProject
Global
	GlobalSection(SolutionConfigurationPlatforms) = preSolution
		Debug|Any CPU = Debug|Any CPU
		Debug|ARM64 = Debug|ARM64
		Debug|x64 = Debug|x64
		Debug|x86 = Debug|x86
		Nuget-Release|Any CPU = Nuget-Release|Any CPU
		Nuget-Release|ARM64 = Nuget-Release|ARM64
		Nuget-Release|x64 = Nuget-Release|x64
		Nuget-Release|x86 = Nuget-Release|x86
		Release|Any CPU = Release|Any CPU
		Release|ARM64 = Release|ARM64
		Release|x64 = Release|x64
		Release|x86 = Release|x86
		WinUI-Release|Any CPU = WinUI-Release|Any CPU
		WinUI-Release|ARM64 = WinUI-Release|ARM64
		WinUI-Release|x64 = WinUI-Release|x64
		WinUI-Release|x86 = WinUI-Release|x86
	EndGlobalSection
	GlobalSection(ProjectConfigurationPlatforms) = postSolution
		{D7834059-EFBB-4164-8581-04C2BE0CA310}.Debug|Any CPU.ActiveCfg = Debug|x64
		{D7834059-EFBB-4164-8581-04C2BE0CA310}.Debug|Any CPU.Build.0 = Debug|x64
		{D7834059-EFBB-4164-8581-04C2BE0CA310}.Debug|Any CPU.Deploy.0 = Debug|x64
		{D7834059-EFBB-4164-8581-04C2BE0CA310}.Debug|ARM64.ActiveCfg = Debug|ARM64
		{D7834059-EFBB-4164-8581-04C2BE0CA310}.Debug|x64.ActiveCfg = Debug|x64
		{D7834059-EFBB-4164-8581-04C2BE0CA310}.Debug|x86.ActiveCfg = Debug|x86
		{D7834059-EFBB-4164-8581-04C2BE0CA310}.Nuget-Release|Any CPU.ActiveCfg = Release|x64
		{D7834059-EFBB-4164-8581-04C2BE0CA310}.Nuget-Release|ARM64.ActiveCfg = Release|ARM64
		{D7834059-EFBB-4164-8581-04C2BE0CA310}.Nuget-Release|x64.ActiveCfg = Release|x64
		{D7834059-EFBB-4164-8581-04C2BE0CA310}.Nuget-Release|x86.ActiveCfg = Release|x86
		{D7834059-EFBB-4164-8581-04C2BE0CA310}.Release|Any CPU.ActiveCfg = Release|x64
		{D7834059-EFBB-4164-8581-04C2BE0CA310}.Release|ARM64.ActiveCfg = Release|ARM64
		{D7834059-EFBB-4164-8581-04C2BE0CA310}.Release|ARM64.Build.0 = Release|ARM64
		{D7834059-EFBB-4164-8581-04C2BE0CA310}.Release|ARM64.Deploy.0 = Release|ARM64
		{D7834059-EFBB-4164-8581-04C2BE0CA310}.Release|x64.ActiveCfg = Release|x64
		{D7834059-EFBB-4164-8581-04C2BE0CA310}.Release|x86.ActiveCfg = Release|x86
		{D7834059-EFBB-4164-8581-04C2BE0CA310}.WinUI-Release|Any CPU.ActiveCfg = Release|x64
		{D7834059-EFBB-4164-8581-04C2BE0CA310}.WinUI-Release|ARM64.ActiveCfg = Release|ARM64
		{D7834059-EFBB-4164-8581-04C2BE0CA310}.WinUI-Release|ARM64.Build.0 = Release|ARM64
		{D7834059-EFBB-4164-8581-04C2BE0CA310}.WinUI-Release|ARM64.Deploy.0 = Release|ARM64
		{D7834059-EFBB-4164-8581-04C2BE0CA310}.WinUI-Release|x64.ActiveCfg = Release|x64
		{D7834059-EFBB-4164-8581-04C2BE0CA310}.WinUI-Release|x64.Build.0 = Release|x64
		{D7834059-EFBB-4164-8581-04C2BE0CA310}.WinUI-Release|x64.Deploy.0 = Release|x64
		{D7834059-EFBB-4164-8581-04C2BE0CA310}.WinUI-Release|x86.ActiveCfg = Release|x86
		{EF416515-5824-4769-A78E-9ADAAA160119}.Debug|Any CPU.ActiveCfg = Debug|x64
		{EF416515-5824-4769-A78E-9ADAAA160119}.Debug|Any CPU.Build.0 = Debug|x64
		{EF416515-5824-4769-A78E-9ADAAA160119}.Debug|Any CPU.Deploy.0 = Debug|x64
		{EF416515-5824-4769-A78E-9ADAAA160119}.Debug|ARM64.ActiveCfg = Debug|ARM64
		{EF416515-5824-4769-A78E-9ADAAA160119}.Debug|ARM64.Build.0 = Debug|ARM64
		{EF416515-5824-4769-A78E-9ADAAA160119}.Debug|ARM64.Deploy.0 = Debug|ARM64
		{EF416515-5824-4769-A78E-9ADAAA160119}.Debug|x64.ActiveCfg = Debug|x64
		{EF416515-5824-4769-A78E-9ADAAA160119}.Debug|x64.Build.0 = Debug|x64
		{EF416515-5824-4769-A78E-9ADAAA160119}.Debug|x64.Deploy.0 = Debug|x64
		{EF416515-5824-4769-A78E-9ADAAA160119}.Debug|x86.ActiveCfg = Debug|x86
		{EF416515-5824-4769-A78E-9ADAAA160119}.Debug|x86.Build.0 = Debug|x86
		{EF416515-5824-4769-A78E-9ADAAA160119}.Debug|x86.Deploy.0 = Debug|x86
		{EF416515-5824-4769-A78E-9ADAAA160119}.Nuget-Release|Any CPU.ActiveCfg = Release|x64
		{EF416515-5824-4769-A78E-9ADAAA160119}.Nuget-Release|ARM64.ActiveCfg = Release|ARM64
		{EF416515-5824-4769-A78E-9ADAAA160119}.Nuget-Release|ARM64.Build.0 = Release|ARM64
		{EF416515-5824-4769-A78E-9ADAAA160119}.Nuget-Release|ARM64.Deploy.0 = Release|ARM64
		{EF416515-5824-4769-A78E-9ADAAA160119}.Nuget-Release|x64.ActiveCfg = Release|x64
		{EF416515-5824-4769-A78E-9ADAAA160119}.Nuget-Release|x64.Build.0 = Release|x64
		{EF416515-5824-4769-A78E-9ADAAA160119}.Nuget-Release|x64.Deploy.0 = Release|x64
		{EF416515-5824-4769-A78E-9ADAAA160119}.Nuget-Release|x86.ActiveCfg = Release|x86
		{EF416515-5824-4769-A78E-9ADAAA160119}.Nuget-Release|x86.Build.0 = Release|x86
		{EF416515-5824-4769-A78E-9ADAAA160119}.Nuget-Release|x86.Deploy.0 = Release|x86
		{EF416515-5824-4769-A78E-9ADAAA160119}.Release|Any CPU.ActiveCfg = Release|x86
		{EF416515-5824-4769-A78E-9ADAAA160119}.Release|Any CPU.Build.0 = Release|x86
		{EF416515-5824-4769-A78E-9ADAAA160119}.Release|Any CPU.Deploy.0 = Release|x86
		{EF416515-5824-4769-A78E-9ADAAA160119}.Release|ARM64.ActiveCfg = Release|ARM64
		{EF416515-5824-4769-A78E-9ADAAA160119}.Release|x64.ActiveCfg = Release|x64
		{EF416515-5824-4769-A78E-9ADAAA160119}.Release|x64.Build.0 = Release|x64
		{EF416515-5824-4769-A78E-9ADAAA160119}.Release|x64.Deploy.0 = Release|x64
		{EF416515-5824-4769-A78E-9ADAAA160119}.Release|x86.ActiveCfg = Release|x86
		{EF416515-5824-4769-A78E-9ADAAA160119}.Release|x86.Build.0 = Release|x86
		{EF416515-5824-4769-A78E-9ADAAA160119}.Release|x86.Deploy.0 = Release|x86
		{EF416515-5824-4769-A78E-9ADAAA160119}.WinUI-Release|Any CPU.ActiveCfg = Release|x86
		{EF416515-5824-4769-A78E-9ADAAA160119}.WinUI-Release|Any CPU.Build.0 = Release|x86
		{EF416515-5824-4769-A78E-9ADAAA160119}.WinUI-Release|Any CPU.Deploy.0 = Release|x86
		{EF416515-5824-4769-A78E-9ADAAA160119}.WinUI-Release|ARM64.ActiveCfg = Release|ARM64
		{EF416515-5824-4769-A78E-9ADAAA160119}.WinUI-Release|x64.ActiveCfg = Release|x64
		{EF416515-5824-4769-A78E-9ADAAA160119}.WinUI-Release|x86.ActiveCfg = Release|x86
		{EF416515-5824-4769-A78E-9ADAAA160119}.WinUI-Release|x86.Build.0 = Release|x86
		{EF416515-5824-4769-A78E-9ADAAA160119}.WinUI-Release|x86.Deploy.0 = Release|x86
		{AF34D306-8705-469E-9461-AA2562417E4A}.Debug|Any CPU.ActiveCfg = Debug|Any CPU
		{AF34D306-8705-469E-9461-AA2562417E4A}.Debug|Any CPU.Build.0 = Debug|Any CPU
		{AF34D306-8705-469E-9461-AA2562417E4A}.Debug|ARM64.ActiveCfg = Debug|Any CPU
		{AF34D306-8705-469E-9461-AA2562417E4A}.Debug|ARM64.Build.0 = Debug|Any CPU
		{AF34D306-8705-469E-9461-AA2562417E4A}.Debug|x64.ActiveCfg = Debug|Any CPU
		{AF34D306-8705-469E-9461-AA2562417E4A}.Debug|x86.ActiveCfg = Debug|Any CPU
		{AF34D306-8705-469E-9461-AA2562417E4A}.Debug|x86.Build.0 = Debug|Any CPU
		{AF34D306-8705-469E-9461-AA2562417E4A}.Nuget-Release|Any CPU.ActiveCfg = Release|Any CPU
		{AF34D306-8705-469E-9461-AA2562417E4A}.Nuget-Release|Any CPU.Build.0 = Release|Any CPU
		{AF34D306-8705-469E-9461-AA2562417E4A}.Nuget-Release|ARM64.ActiveCfg = Release|Any CPU
		{AF34D306-8705-469E-9461-AA2562417E4A}.Nuget-Release|ARM64.Build.0 = Release|Any CPU
		{AF34D306-8705-469E-9461-AA2562417E4A}.Nuget-Release|x64.ActiveCfg = Release|Any CPU
		{AF34D306-8705-469E-9461-AA2562417E4A}.Nuget-Release|x64.Build.0 = Release|Any CPU
		{AF34D306-8705-469E-9461-AA2562417E4A}.Nuget-Release|x86.ActiveCfg = Release|Any CPU
		{AF34D306-8705-469E-9461-AA2562417E4A}.Nuget-Release|x86.Build.0 = Release|Any CPU
		{AF34D306-8705-469E-9461-AA2562417E4A}.Release|Any CPU.ActiveCfg = Release|Any CPU
		{AF34D306-8705-469E-9461-AA2562417E4A}.Release|ARM64.ActiveCfg = Release|Any CPU
		{AF34D306-8705-469E-9461-AA2562417E4A}.Release|x64.ActiveCfg = Release|Any CPU
		{AF34D306-8705-469E-9461-AA2562417E4A}.Release|x86.ActiveCfg = Release|Any CPU
		{AF34D306-8705-469E-9461-AA2562417E4A}.Release|x86.Build.0 = Release|Any CPU
		{AF34D306-8705-469E-9461-AA2562417E4A}.WinUI-Release|Any CPU.ActiveCfg = Release|Any CPU
		{AF34D306-8705-469E-9461-AA2562417E4A}.WinUI-Release|ARM64.ActiveCfg = Release|Any CPU
		{AF34D306-8705-469E-9461-AA2562417E4A}.WinUI-Release|x64.ActiveCfg = Release|Any CPU
		{AF34D306-8705-469E-9461-AA2562417E4A}.WinUI-Release|x86.ActiveCfg = Release|Any CPU
		{AF34D306-8705-469E-9461-AA2562417E4A}.WinUI-Release|x86.Build.0 = Release|Any CPU
		{7ECFD05B-FB86-4AD4-99A2-AC1FFA6C0F4F}.Debug|Any CPU.ActiveCfg = Debug|x64
		{7ECFD05B-FB86-4AD4-99A2-AC1FFA6C0F4F}.Debug|Any CPU.Build.0 = Debug|x64
		{7ECFD05B-FB86-4AD4-99A2-AC1FFA6C0F4F}.Debug|ARM64.ActiveCfg = Debug|ARM64
		{7ECFD05B-FB86-4AD4-99A2-AC1FFA6C0F4F}.Debug|ARM64.Build.0 = Debug|ARM64
		{7ECFD05B-FB86-4AD4-99A2-AC1FFA6C0F4F}.Debug|x64.ActiveCfg = Debug|x64
		{7ECFD05B-FB86-4AD4-99A2-AC1FFA6C0F4F}.Debug|x86.ActiveCfg = Debug|Win32
		{7ECFD05B-FB86-4AD4-99A2-AC1FFA6C0F4F}.Debug|x86.Build.0 = Debug|Win32
		{7ECFD05B-FB86-4AD4-99A2-AC1FFA6C0F4F}.Nuget-Release|Any CPU.ActiveCfg = Release|x64
		{7ECFD05B-FB86-4AD4-99A2-AC1FFA6C0F4F}.Nuget-Release|ARM64.ActiveCfg = Release|ARM64
		{7ECFD05B-FB86-4AD4-99A2-AC1FFA6C0F4F}.Nuget-Release|ARM64.Build.0 = Release|ARM64
		{7ECFD05B-FB86-4AD4-99A2-AC1FFA6C0F4F}.Nuget-Release|x64.ActiveCfg = Release|x64
		{7ECFD05B-FB86-4AD4-99A2-AC1FFA6C0F4F}.Nuget-Release|x64.Build.0 = Release|x64
		{7ECFD05B-FB86-4AD4-99A2-AC1FFA6C0F4F}.Nuget-Release|x86.ActiveCfg = Release|Win32
		{7ECFD05B-FB86-4AD4-99A2-AC1FFA6C0F4F}.Nuget-Release|x86.Build.0 = Release|Win32
		{7ECFD05B-FB86-4AD4-99A2-AC1FFA6C0F4F}.Release|Any CPU.ActiveCfg = Release|x64
		{7ECFD05B-FB86-4AD4-99A2-AC1FFA6C0F4F}.Release|ARM64.ActiveCfg = Release|ARM64
		{7ECFD05B-FB86-4AD4-99A2-AC1FFA6C0F4F}.Release|x64.ActiveCfg = Release|x64
		{7ECFD05B-FB86-4AD4-99A2-AC1FFA6C0F4F}.Release|x86.ActiveCfg = Release|Win32
		{7ECFD05B-FB86-4AD4-99A2-AC1FFA6C0F4F}.Release|x86.Build.0 = Release|Win32
		{7ECFD05B-FB86-4AD4-99A2-AC1FFA6C0F4F}.WinUI-Release|Any CPU.ActiveCfg = Release|x64
		{7ECFD05B-FB86-4AD4-99A2-AC1FFA6C0F4F}.WinUI-Release|ARM64.ActiveCfg = Release|ARM64
		{7ECFD05B-FB86-4AD4-99A2-AC1FFA6C0F4F}.WinUI-Release|x64.ActiveCfg = Release|x64
		{7ECFD05B-FB86-4AD4-99A2-AC1FFA6C0F4F}.WinUI-Release|x86.ActiveCfg = Release|Win32
		{7ECFD05B-FB86-4AD4-99A2-AC1FFA6C0F4F}.WinUI-Release|x86.Build.0 = Release|Win32
	EndGlobalSection
	GlobalSection(SolutionProperties) = preSolution
		HideSolutionNode = FALSE
	EndGlobalSection
	GlobalSection(ExtensibilityGlobals) = postSolution
		SolutionGuid = {0F837F43-7F41-4CCE-983A-9A39EB84CBB5}
	EndGlobalSection
EndGlobal
